// !$*UTF8*$!
{
	archiveVersion = 1;
	classes = {
	};
	objectVersion = 55;
	objects = {

/* Begin PBXBuildFile section */
		045A2799285DA10200D4DA24 /* TrainYourMindApp.swift in Sources */ = {isa = PBXBuildFile; fileRef = 045A2798285DA10200D4DA24 /* TrainYourMindApp.swift */; };
		045A279B285DA10200D4DA24 /* ContentView.swift in Sources */ = {isa = PBXBuildFile; fileRef = 045A279A285DA10200D4DA24 /* ContentView.swift */; };
		045A279D285DA10200D4DA24 /* Assets.xcassets in Resources */ = {isa = PBXBuildFile; fileRef = 045A279C285DA10200D4DA24 /* Assets.xcassets */; };
		045A27A0285DA10200D4DA24 /* Preview Assets.xcassets in Resources */ = {isa = PBXBuildFile; fileRef = 045A279F285DA10200D4DA24 /* Preview Assets.xcassets */; };
		045A27AA285DA10300D4DA24 /* TrainYourMindTests.swift in Sources */ = {isa = PBXBuildFile; fileRef = 045A27A9285DA10300D4DA24 /* TrainYourMindTests.swift */; };
		045A27B4285DA10300D4DA24 /* TrainYourMindUITests.swift in Sources */ = {isa = PBXBuildFile; fileRef = 045A27B3285DA10300D4DA24 /* TrainYourMindUITests.swift */; };
		045A27B6285DA10300D4DA24 /* TrainYourMindUITestsLaunchTests.swift in Sources */ = {isa = PBXBuildFile; fileRef = 045A27B5285DA10300D4DA24 /* TrainYourMindUITestsLaunchTests.swift */; };
		045A27C3285DA1C300D4DA24 /* EmojiMemoryGame.swift in Sources */ = {isa = PBXBuildFile; fileRef = 045A27C2285DA1C300D4DA24 /* EmojiMemoryGame.swift */; };
		045A27C5285DA2F400D4DA24 /* MemoryGame.swift in Sources */ = {isa = PBXBuildFile; fileRef = 045A27C4285DA2F400D4DA24 /* MemoryGame.swift */; };
		045A27C7285DA46700D4DA24 /* AspectGrid.swift in Sources */ = {isa = PBXBuildFile; fileRef = 045A27C6285DA46700D4DA24 /* AspectGrid.swift */; };
		045A27C9285DA4B400D4DA24 /* PiePart.swift in Sources */ = {isa = PBXBuildFile; fileRef = 045A27C8285DA4B400D4DA24 /* PiePart.swift */; };
		045A27CB285DA62A00D4DA24 /* Cardy.swift in Sources */ = {isa = PBXBuildFile; fileRef = 045A27CA285DA62A00D4DA24 /* Cardy.swift */; };
/* End PBXBuildFile section */

/* Begin PBXContainerItemProxy section */
		045A27A6285DA10300D4DA24 /* PBXContainerItemProxy */ = {
			isa = PBXContainerItemProxy;
			containerPortal = 045A278D285DA10200D4DA24 /* Project object */;
			proxyType = 1;
			remoteGlobalIDString = 045A2794285DA10200D4DA24;
			remoteInfo = TrainYourMind;
		};
		045A27B0285DA10300D4DA24 /* PBXContainerItemProxy */ = {
			isa = PBXContainerItemProxy;
			containerPortal = 045A278D285DA10200D4DA24 /* Project object */;
			proxyType = 1;
			remoteGlobalIDString = 045A2794285DA10200D4DA24;
			remoteInfo = TrainYourMind;
		};
/* End PBXContainerItemProxy section */

/* Begin PBXFileReference section */
		045A2795285DA10200D4DA24 /* TrainYourMind.app */ = {isa = PBXFileReference; explicitFileType = wrapper.application; includeInIndex = 0; path = TrainYourMind.app; sourceTree = BUILT_PRODUCTS_DIR; };
		045A2798285DA10200D4DA24 /* TrainYourMindApp.swift */ = {isa = PBXFileReference; lastKnownFileType = sourcecode.swift; path = TrainYourMindApp.swift; sourceTree = "<group>"; };
		045A279A285DA10200D4DA24 /* ContentView.swift */ = {isa = PBXFileReference; lastKnownFileType = sourcecode.swift; path = ContentView.swift; sourceTree = "<group>"; };
		045A279C285DA10200D4DA24 /* Assets.xcassets */ = {isa = PBXFileReference; lastKnownFileType = folder.assetcatalog; path = Assets.xcassets; sourceTree = "<group>"; };
		045A279F285DA10200D4DA24 /* Preview Assets.xcassets */ = {isa = PBXFileReference; lastKnownFileType = folder.assetcatalog; path = "Preview Assets.xcassets"; sourceTree = "<group>"; };
		045A27A5285DA10300D4DA24 /* TrainYourMindTests.xctest */ = {isa = PBXFileReference; explicitFileType = wrapper.cfbundle; includeInIndex = 0; path = TrainYourMindTests.xctest; sourceTree = BUILT_PRODUCTS_DIR; };
		045A27A9285DA10300D4DA24 /* TrainYourMindTests.swift */ = {isa = PBXFileReference; lastKnownFileType = sourcecode.swift; path = TrainYourMindTests.swift; sourceTree = "<group>"; };
		045A27AF285DA10300D4DA24 /* TrainYourMindUITests.xctest */ = {isa = PBXFileReference; explicitFileType = wrapper.cfbundle; includeInIndex = 0; path = TrainYourMindUITests.xctest; sourceTree = BUILT_PRODUCTS_DIR; };
		045A27B3285DA10300D4DA24 /* TrainYourMindUITests.swift */ = {isa = PBXFileReference; lastKnownFileType = sourcecode.swift; path = TrainYourMindUITests.swift; sourceTree = "<group>"; };
		045A27B5285DA10300D4DA24 /* TrainYourMindUITestsLaunchTests.swift */ = {isa = PBXFileReference; lastKnownFileType = sourcecode.swift; path = TrainYourMindUITestsLaunchTests.swift; sourceTree = "<group>"; };
		045A27C2285DA1C300D4DA24 /* EmojiMemoryGame.swift */ = {isa = PBXFileReference; lastKnownFileType = sourcecode.swift; path = EmojiMemoryGame.swift; sourceTree = "<group>"; };
		045A27C4285DA2F400D4DA24 /* MemoryGame.swift */ = {isa = PBXFileReference; lastKnownFileType = sourcecode.swift; path = MemoryGame.swift; sourceTree = "<group>"; };
		045A27C6285DA46700D4DA24 /* AspectGrid.swift */ = {isa = PBXFileReference; lastKnownFileType = sourcecode.swift; path = AspectGrid.swift; sourceTree = "<group>"; };
		045A27C8285DA4B400D4DA24 /* PiePart.swift */ = {isa = PBXFileReference; lastKnownFileType = sourcecode.swift; path = PiePart.swift; sourceTree = "<group>"; };
		045A27CA285DA62A00D4DA24 /* Cardy.swift */ = {isa = PBXFileReference; lastKnownFileType = sourcecode.swift; path = Cardy.swift; sourceTree = "<group>"; };
/* End PBXFileReference section */

/* Begin PBXFrameworksBuildPhase section */
		045A2792285DA10200D4DA24 /* Frameworks */ = {
			isa = PBXFrameworksBuildPhase;
			buildActionMask = 2147483647;
			files = (
			);
			runOnlyForDeploymentPostprocessing = 0;
		};
		045A27A2285DA10300D4DA24 /* Frameworks */ = {
			isa = PBXFrameworksBuildPhase;
			buildActionMask = 2147483647;
			files = (
			);
			runOnlyForDeploymentPostprocessing = 0;
		};
		045A27AC285DA10300D4DA24 /* Frameworks */ = {
			isa = PBXFrameworksBuildPhase;
			buildActionMask = 2147483647;
			files = (
			);
			runOnlyForDeploymentPostprocessing = 0;
		};
/* End PBXFrameworksBuildPhase section */

/* Begin PBXGroup section */
		045A278C285DA10200D4DA24 = {
			isa = PBXGroup;
			children = (
				045A2797285DA10200D4DA24 /* TrainYourMind */,
				045A27A8285DA10300D4DA24 /* TrainYourMindTests */,
				045A27B2285DA10300D4DA24 /* TrainYourMindUITests */,
				045A2796285DA10200D4DA24 /* Products */,
			);
			sourceTree = "<group>";
		};
		045A2796285DA10200D4DA24 /* Products */ = {
			isa = PBXGroup;
			children = (
				045A2795285DA10200D4DA24 /* TrainYourMind.app */,
				045A27A5285DA10300D4DA24 /* TrainYourMindTests.xctest */,
				045A27AF285DA10300D4DA24 /* TrainYourMindUITests.xctest */,
			);
			name = Products;
			sourceTree = "<group>";
		};
		045A2797285DA10200D4DA24 /* TrainYourMind */ = {
			isa = PBXGroup;
			children = (
				045A2798285DA10200D4DA24 /* TrainYourMindApp.swift */,
				045A279A285DA10200D4DA24 /* ContentView.swift */,
				045A27CA285DA62A00D4DA24 /* Cardy.swift */,
				045A27C8285DA4B400D4DA24 /* PiePart.swift */,
				045A27C6285DA46700D4DA24 /* AspectGrid.swift */,
				045A279C285DA10200D4DA24 /* Assets.xcassets */,
				045A279E285DA10200D4DA24 /* Preview Content */,
				045A27C2285DA1C300D4DA24 /* EmojiMemoryGame.swift */,
				045A27C4285DA2F400D4DA24 /* MemoryGame.swift */,
			);
			path = TrainYourMind;
			sourceTree = "<group>";
		};
		045A279E285DA10200D4DA24 /* Preview Content */ = {
			isa = PBXGroup;
			children = (
				045A279F285DA10200D4DA24 /* Preview Assets.xcassets */,
			);
			path = "Preview Content";
			sourceTree = "<group>";
		};
		045A27A8285DA10300D4DA24 /* TrainYourMindTests */ = {
			isa = PBXGroup;
			children = (
				045A27A9285DA10300D4DA24 /* TrainYourMindTests.swift */,
			);
			path = TrainYourMindTests;
			sourceTree = "<group>";
		};
		045A27B2285DA10300D4DA24 /* TrainYourMindUITests */ = {
			isa = PBXGroup;
			children = (
				045A27B3285DA10300D4DA24 /* TrainYourMindUITests.swift */,
				045A27B5285DA10300D4DA24 /* TrainYourMindUITestsLaunchTests.swift */,
			);
			path = TrainYourMindUITests;
			sourceTree = "<group>";
		};
/* End PBXGroup section */

/* Begin PBXNativeTarget section */
		045A2794285DA10200D4DA24 /* TrainYourMind */ = {
			isa = PBXNativeTarget;
			buildConfigurationList = 045A27B9285DA10300D4DA24 /* Build configuration list for PBXNativeTarget "TrainYourMind" */;
			buildPhases = (
				045A2791285DA10200D4DA24 /* Sources */,
				045A2792285DA10200D4DA24 /* Frameworks */,
				045A2793285DA10200D4DA24 /* Resources */,
			);
			buildRules = (
			);
			dependencies = (
			);
			name = TrainYourMind;
			productName = TrainYourMind;
			productReference = 045A2795285DA10200D4DA24 /* TrainYourMind.app */;
			productType = "com.apple.product-type.application";
		};
		045A27A4285DA10300D4DA24 /* TrainYourMindTests */ = {
			isa = PBXNativeTarget;
			buildConfigurationList = 045A27BC285DA10300D4DA24 /* Build configuration list for PBXNativeTarget "TrainYourMindTests" */;
			buildPhases = (
				045A27A1285DA10300D4DA24 /* Sources */,
				045A27A2285DA10300D4DA24 /* Frameworks */,
				045A27A3285DA10300D4DA24 /* Resources */,
			);
			buildRules = (
			);
			dependencies = (
				045A27A7285DA10300D4DA24 /* PBXTargetDependency */,
			);
			name = TrainYourMindTests;
			productName = TrainYourMindTests;
			productReference = 045A27A5285DA10300D4DA24 /* TrainYourMindTests.xctest */;
			productType = "com.apple.product-type.bundle.unit-test";
		};
		045A27AE285DA10300D4DA24 /* TrainYourMindUITests */ = {
			isa = PBXNativeTarget;
			buildConfigurationList = 045A27BF285DA10300D4DA24 /* Build configuration list for PBXNativeTarget "TrainYourMindUITests" */;
			buildPhases = (
				045A27AB285DA10300D4DA24 /* Sources */,
				045A27AC285DA10300D4DA24 /* Frameworks */,
				045A27AD285DA10300D4DA24 /* Resources */,
			);
			buildRules = (
			);
			dependencies = (
				045A27B1285DA10300D4DA24 /* PBXTargetDependency */,
			);
			name = TrainYourMindUITests;
			productName = TrainYourMindUITests;
			productReference = 045A27AF285DA10300D4DA24 /* TrainYourMindUITests.xctest */;
			productType = "com.apple.product-type.bundle.ui-testing";
		};
/* End PBXNativeTarget section */

/* Begin PBXProject section */
		045A278D285DA10200D4DA24 /* Project object */ = {
			isa = PBXProject;
			attributes = {
				BuildIndependentTargetsInParallel = 1;
				LastSwiftUpdateCheck = 1340;
				LastUpgradeCheck = 1340;
				TargetAttributes = {
					045A2794285DA10200D4DA24 = {
						CreatedOnToolsVersion = 13.4.1;
					};
					045A27A4285DA10300D4DA24 = {
						CreatedOnToolsVersion = 13.4.1;
						TestTargetID = 045A2794285DA10200D4DA24;
					};
					045A27AE285DA10300D4DA24 = {
						CreatedOnToolsVersion = 13.4.1;
						TestTargetID = 045A2794285DA10200D4DA24;
					};
				};
			};
			buildConfigurationList = 045A2790285DA10200D4DA24 /* Build configuration list for PBXProject "TrainYourMind" */;
			compatibilityVersion = "Xcode 13.0";
			developmentRegion = en;
			hasScannedForEncodings = 0;
			knownRegions = (
				en,
				Base,
			);
			mainGroup = 045A278C285DA10200D4DA24;
			productRefGroup = 045A2796285DA10200D4DA24 /* Products */;
			projectDirPath = "";
			projectRoot = "";
			targets = (
				045A2794285DA10200D4DA24 /* TrainYourMind */,
				045A27A4285DA10300D4DA24 /* TrainYourMindTests */,
				045A27AE285DA10300D4DA24 /* TrainYourMindUITests */,
			);
		};
/* End PBXProject section */

/* Begin PBXResourcesBuildPhase section */
		045A2793285DA10200D4DA24 /* Resources */ = {
			isa = PBXResourcesBuildPhase;
			buildActionMask = 2147483647;
			files = (
				045A27A0285DA10200D4DA24 /* Preview Assets.xcassets in Resources */,
				045A279D285DA10200D4DA24 /* Assets.xcassets in Resources */,
			);
			runOnlyForDeploymentPostprocessing = 0;
		};
		045A27A3285DA10300D4DA24 /* Resources */ = {
			isa = PBXResourcesBuildPhase;
			buildActionMask = 2147483647;
			files = (
			);
			runOnlyForDeploymentPostprocessing = 0;
		};
		045A27AD285DA10300D4DA24 /* Resources */ = {
			isa = PBXResourcesBuildPhase;
			buildActionMask = 2147483647;
			files = (
			);
			runOnlyForDeploymentPostprocessing = 0;
		};
/* End PBXResourcesBuildPhase section */

/* Begin PBXSourcesBuildPhase section */
		045A2791285DA10200D4DA24 /* Sources */ = {
			isa = PBXSourcesBuildPhase;
			buildActionMask = 2147483647;
			files = (
				045A27C7285DA46700D4DA24 /* AspectGrid.swift in Sources */,
				045A27C9285DA4B400D4DA24 /* PiePart.swift in Sources */,
				045A279B285DA10200D4DA24 /* ContentView.swift in Sources */,
				045A27CB285DA62A00D4DA24 /* Cardy.swift in Sources */,
				045A2799285DA10200D4DA24 /* TrainYourMindApp.swift in Sources */,
				045A27C5285DA2F400D4DA24 /* MemoryGame.swift in Sources */,
				045A27C3285DA1C300D4DA24 /* EmojiMemoryGame.swift in Sources */,
			);
			runOnlyForDeploymentPostprocessing = 0;
		};
		045A27A1285DA10300D4DA24 /* Sources */ = {
			isa = PBXSourcesBuildPhase;
			buildActionMask = 2147483647;
			files = (
				045A27AA285DA10300D4DA24 /* TrainYourMindTests.swift in Sources */,
			);
			runOnlyForDeploymentPostprocessing = 0;
		};
		045A27AB285DA10300D4DA24 /* Sources */ = {
			isa = PBXSourcesBuildPhase;
			buildActionMask = 2147483647;
			files = (
				045A27B6285DA10300D4DA24 /* TrainYourMindUITestsLaunchTests.swift in Sources */,
				045A27B4285DA10300D4DA24 /* TrainYourMindUITests.swift in Sources */,
			);
			runOnlyForDeploymentPostprocessing = 0;
		};
/* End PBXSourcesBuildPhase section */

/* Begin PBXTargetDependency section */
		045A27A7285DA10300D4DA24 /* PBXTargetDependency */ = {
			isa = PBXTargetDependency;
			target = 045A2794285DA10200D4DA24 /* TrainYourMind */;
			targetProxy = 045A27A6285DA10300D4DA24 /* PBXContainerItemProxy */;
		};
		045A27B1285DA10300D4DA24 /* PBXTargetDependency */ = {
			isa = PBXTargetDependency;
			target = 045A2794285DA10200D4DA24 /* TrainYourMind */;
			targetProxy = 045A27B0285DA10300D4DA24 /* PBXContainerItemProxy */;
		};
/* End PBXTargetDependency section */

/* Begin XCBuildConfiguration section */
		045A27B7285DA10300D4DA24 /* Debug */ = {
			isa = XCBuildConfiguration;
			buildSettings = {
				ALWAYS_SEARCH_USER_PATHS = NO;
				CLANG_ANALYZER_NONNULL = YES;
				CLANG_ANALYZER_NUMBER_OBJECT_CONVERSION = YES_AGGRESSIVE;
				CLANG_CXX_LANGUAGE_STANDARD = "gnu++17";
				CLANG_ENABLE_MODULES = YES;
				CLANG_ENABLE_OBJC_ARC = YES;
				CLANG_ENABLE_OBJC_WEAK = YES;
				CLANG_WARN_BLOCK_CAPTURE_AUTORELEASING = YES;
				CLANG_WARN_BOOL_CONVERSION = YES;
				CLANG_WARN_COMMA = YES;
				CLANG_WARN_CONSTANT_CONVERSION = YES;
				CLANG_WARN_DEPRECATED_OBJC_IMPLEMENTATIONS = YES;
				CLANG_WARN_DIRECT_OBJC_ISA_USAGE = YES_ERROR;
				CLANG_WARN_DOCUMENTATION_COMMENTS = YES;
				CLANG_WARN_EMPTY_BODY = YES;
				CLANG_WARN_ENUM_CONVERSION = YES;
				CLANG_WARN_INFINITE_RECURSION = YES;
				CLANG_WARN_INT_CONVERSION = YES;
				CLANG_WARN_NON_LITERAL_NULL_CONVERSION = YES;
				CLANG_WARN_OBJC_IMPLICIT_RETAIN_SELF = YES;
				CLANG_WARN_OBJC_LITERAL_CONVERSION = YES;
				CLANG_WARN_OBJC_ROOT_CLASS = YES_ERROR;
				CLANG_WARN_QUOTED_INCLUDE_IN_FRAMEWORK_HEADER = YES;
				CLANG_WARN_RANGE_LOOP_ANALYSIS = YES;
				CLANG_WARN_STRICT_PROTOTYPES = YES;
				CLANG_WARN_SUSPICIOUS_MOVE = YES;
				CLANG_WARN_UNGUARDED_AVAILABILITY = YES_AGGRESSIVE;
				CLANG_WARN_UNREACHABLE_CODE = YES;
				CLANG_WARN__DUPLICATE_METHOD_MATCH = YES;
				COPY_PHASE_STRIP = NO;
				DEBUG_INFORMATION_FORMAT = dwarf;
				ENABLE_STRICT_OBJC_MSGSEND = YES;
				ENABLE_TESTABILITY = YES;
				GCC_C_LANGUAGE_STANDARD = gnu11;
				GCC_DYNAMIC_NO_PIC = NO;
				GCC_NO_COMMON_BLOCKS = YES;
				GCC_OPTIMIZATION_LEVEL = 0;
				GCC_PREPROCESSOR_DEFINITIONS = (
					"DEBUG=1",
					"$(inherited)",
				);
				GCC_WARN_64_TO_32_BIT_CONVERSION = YES;
				GCC_WARN_ABOUT_RETURN_TYPE = YES_ERROR;
				GCC_WARN_UNDECLARED_SELECTOR = YES;
				GCC_WARN_UNINITIALIZED_AUTOS = YES_AGGRESSIVE;
				GCC_WARN_UNUSED_FUNCTION = YES;
				GCC_WARN_UNUSED_VARIABLE = YES;
				IPHONEOS_DEPLOYMENT_TARGET = 15.5;
				MTL_ENABLE_DEBUG_INFO = INCLUDE_SOURCE;
				MTL_FAST_MATH = YES;
				ONLY_ACTIVE_ARCH = YES;
				SDKROOT = iphoneos;
				SWIFT_ACTIVE_COMPILATION_CONDITIONS = DEBUG;
				SWIFT_OPTIMIZATION_LEVEL = "-Onone";
			};
			name = Debug;
		};
		045A27B8285DA10300D4DA24 /* Release */ = {
			isa = XCBuildConfiguration;
			buildSettings = {
				ALWAYS_SEARCH_USER_PATHS = NO;
				CLANG_ANALYZER_NONNULL = YES;
				CLANG_ANALYZER_NUMBER_OBJECT_CONVERSION = YES_AGGRESSIVE;
				CLANG_CXX_LANGUAGE_STANDARD = "gnu++17";
				CLANG_ENABLE_MODULES = YES;
				CLANG_ENABLE_OBJC_ARC = YES;
				CLANG_ENABLE_OBJC_WEAK = YES;
				CLANG_WARN_BLOCK_CAPTURE_AUTORELEASING = YES;
				CLANG_WARN_BOOL_CONVERSION = YES;
				CLANG_WARN_COMMA = YES;
				CLANG_WARN_CONSTANT_CONVERSION = YES;
				CLANG_WARN_DEPRECATED_OBJC_IMPLEMENTATIONS = YES;
				CLANG_WARN_DIRECT_OBJC_ISA_USAGE = YES_ERROR;
				CLANG_WARN_DOCUMENTATION_COMMENTS = YES;
				CLANG_WARN_EMPTY_BODY = YES;
				CLANG_WARN_ENUM_CONVERSION = YES;
				CLANG_WARN_INFINITE_RECURSION = YES;
				CLANG_WARN_INT_CONVERSION = YES;
				CLANG_WARN_NON_LITERAL_NULL_CONVERSION = YES;
				CLANG_WARN_OBJC_IMPLICIT_RETAIN_SELF = YES;
				CLANG_WARN_OBJC_LITERAL_CONVERSION = YES;
				CLANG_WARN_OBJC_ROOT_CLASS = YES_ERROR;
				CLANG_WARN_QUOTED_INCLUDE_IN_FRAMEWORK_HEADER = YES;
				CLANG_WARN_RANGE_LOOP_ANALYSIS = YES;
				CLANG_WARN_STRICT_PROTOTYPES = YES;
				CLANG_WARN_SUSPICIOUS_MOVE = YES;
				CLANG_WARN_UNGUARDED_AVAILABILITY = YES_AGGRESSIVE;
				CLANG_WARN_UNREACHABLE_CODE = YES;
				CLANG_WARN__DUPLICATE_METHOD_MATCH = YES;
				COPY_PHASE_STRIP = NO;
				DEBUG_INFORMATION_FORMAT = "dwarf-with-dsym";
				ENABLE_NS_ASSERTIONS = NO;
				ENABLE_STRICT_OBJC_MSGSEND = YES;
				GCC_C_LANGUAGE_STANDARD = gnu11;
				GCC_NO_COMMON_BLOCKS = YES;
				GCC_WARN_64_TO_32_BIT_CONVERSION = YES;
				GCC_WARN_ABOUT_RETURN_TYPE = YES_ERROR;
				GCC_WARN_UNDECLARED_SELECTOR = YES;
				GCC_WARN_UNINITIALIZED_AUTOS = YES_AGGRESSIVE;
				GCC_WARN_UNUSED_FUNCTION = YES;
				GCC_WARN_UNUSED_VARIABLE = YES;
				IPHONEOS_DEPLOYMENT_TARGET = 15.5;
				MTL_ENABLE_DEBUG_INFO = NO;
				MTL_FAST_MATH = YES;
				SDKROOT = iphoneos;
				SWIFT_COMPILATION_MODE = wholemodule;
				SWIFT_OPTIMIZATION_LEVEL = "-O";
				VALIDATE_PRODUCT = YES;
			};
			name = Release;
		};
		045A27BA285DA10300D4DA24 /* Debug */ = {
			isa = XCBuildConfiguration;
			buildSettings = {
				ASSETCATALOG_COMPILER_APPICON_NAME = AppIcon;
				ASSETCATALOG_COMPILER_GLOBAL_ACCENT_COLOR_NAME = AccentColor;
				CODE_SIGN_STYLE = Automatic;
				CURRENT_PROJECT_VERSION = 1;
				DEVELOPMENT_ASSET_PATHS = "\"TrainYourMind/Preview Content\"";
				DEVELOPMENT_TEAM = 7X3VV33MVU;
				ENABLE_PREVIEWS = YES;
				GENERATE_INFOPLIST_FILE = YES;
				INFOPLIST_KEY_UIApplicationSceneManifest_Generation = YES;
				INFOPLIST_KEY_UIApplicationSupportsIndirectInputEvents = YES;
				INFOPLIST_KEY_UILaunchScreen_Generation = YES;
				INFOPLIST_KEY_UISupportedInterfaceOrientations_iPad = "UIInterfaceOrientationPortrait UIInterfaceOrientationPortraitUpsideDown UIInterfaceOrientationLandscapeLeft UIInterfaceOrientationLandscapeRight";
				INFOPLIST_KEY_UISupportedInterfaceOrientations_iPhone = "UIInterfaceOrientationPortrait UIInterfaceOrientationLandscapeLeft UIInterfaceOrientationLandscapeRight";
				LD_RUNPATH_SEARCH_PATHS = (
					"$(inherited)",
					"@executable_path/Frameworks",
				);
				MARKETING_VERSION = 1.0;
				PRODUCT_BUNDLE_IDENTIFIER = matzsugi.TrainYourMind;
				PRODUCT_NAME = "$(TARGET_NAME)";
				SWIFT_EMIT_LOC_STRINGS = YES;
				SWIFT_VERSION = 5.0;
				TARGETED_DEVICE_FAMILY = "1,2";
			};
			name = Debug;
		};
		045A27BB285DA10300D4DA24 /* Release */ = {
			isa = XCBuildConfiguration;
			buildSettings = {
				ASSETCATALOG_COMPILER_APPICON_NAME = AppIcon;
				ASSETCATALOG_COMPILER_GLOBAL_ACCENT_COLOR_NAME = AccentColor;
				CODE_SIGN_STYLE = Automatic;
				CURRENT_PROJECT_VERSION = 1;
				DEVELOPMENT_ASSET_PATHS = "\"TrainYourMind/Preview Content\"";
				DEVELOPMENT_TEAM = 7X3VV33MVU;
				ENABLE_PREVIEWS = YES;
				GENERATE_INFOPLIST_FILE = YES;
				INFOPLIST_KEY_UIApplicationSceneManifest_Generation = YES;
				INFOPLIST_KEY_UIApplicationSupportsIndirectInputEvents = YES;
				INFOPLIST_KEY_UILaunchScreen_Generation = YES;
				INFOPLIST_KEY_UISupportedInterfaceOrientations_iPad = "UIInterfaceOrientationPortrait UIInterfaceOrientationPortraitUpsideDown UIInterfaceOrientationLandscapeLeft UIInterfaceOrientationLandscapeRight";
				INFOPLIST_KEY_UISupportedInterfaceOrientations_iPhone = "UIInterfaceOrientationPortrait UIInterfaceOrientationLandscapeLeft UIInterfaceOrientationLandscapeRight";
				LD_RUNPATH_SEARCH_PATHS = (
					"$(inherited)",
					"@executable_path/Frameworks",
				);
				MARKETING_VERSION = 1.0;
				PRODUCT_BUNDLE_IDENTIFIER = matzsugi.TrainYourMind;
				PRODUCT_NAME = "$(TARGET_NAME)";
				SWIFT_EMIT_LOC_STRINGS = YES;
				SWIFT_VERSION = 5.0;
				TARGETED_DEVICE_FAMILY = "1,2";
			};
			name = Release;
		};
		045A27BD285DA10300D4DA24 /* Debug */ = {
			isa = XCBuildConfiguration;
			buildSettings = {
				ALWAYS_EMBED_SWIFT_STANDARD_LIBRARIES = YES;
				BUNDLE_LOADER = "$(TEST_HOST)";
				CODE_SIGN_STYLE = Automatic;
				CURRENT_PROJECT_VERSION = 1;
				GENERATE_INFOPLIST_FILE = YES;
				IPHONEOS_DEPLOYMENT_TARGET = 15.5;
				MARKETING_VERSION = 1.0;
				PRODUCT_BUNDLE_IDENTIFIER = matzsugi.TrainYourMindTests;
				PRODUCT_NAME = "$(TARGET_NAME)";
				SWIFT_EMIT_LOC_STRINGS = NO;
				SWIFT_VERSION = 5.0;
				TARGETED_DEVICE_FAMILY = "1,2";
				TEST_HOST = "$(BUILT_PRODUCTS_DIR)/TrainYourMind.app/TrainYourMind";
			};
			name = Debug;
		};
		045A27BE285DA10300D4DA24 /* Release */ = {
			isa = XCBuildConfiguration;
			buildSettings = {
				ALWAYS_EMBED_SWIFT_STANDARD_LIBRARIES = YES;
				BUNDLE_LOADER = "$(TEST_HOST)";
				CODE_SIGN_STYLE = Automatic;
				CURRENT_PROJECT_VERSION = 1;
				GENERATE_INFOPLIST_FILE = YES;
				IPHONEOS_DEPLOYMENT_TARGET = 15.5;
				MARKETING_VERSION = 1.0;
				PRODUCT_BUNDLE_IDENTIFIER = matzsugi.TrainYourMindTests;
				PRODUCT_NAME = "$(TARGET_NAME)";
				SWIFT_EMIT_LOC_STRINGS = NO;
				SWIFT_VERSION = 5.0;
				TARGETED_DEVICE_FAMILY = "1,2";
				TEST_HOST = "$(BUILT_PRODUCTS_DIR)/TrainYourMind.app/TrainYourMind";
			};
			name = Release;
		};
		045A27C0285DA10300D4DA24 /* Debug */ = {
			isa = XCBuildConfiguration;
			buildSettings = {
				ALWAYS_EMBED_SWIFT_STANDARD_LIBRARIES = YES;
				CODE_SIGN_STYLE = Automatic;
				CURRENT_PROJECT_VERSION = 1;
				GENERATE_INFOPLIST_FILE = YES;
				MARKETING_VERSION = 1.0;
				PRODUCT_BUNDLE_IDENTIFIER = matzsugi.TrainYourMindUITests;
				PRODUCT_NAME = "$(TARGET_NAME)";
				SWIFT_EMIT_LOC_STRINGS = NO;
				SWIFT_VERSION = 5.0;
				TARGETED_DEVICE_FAMILY = "1,2";
				TEST_TARGET_NAME = TrainYourMind;
			};
			name = Debug;
		};
		045A27C1285DA10300D4DA24 /* Release */ = {
			isa = XCBuildConfiguration;
			buildSettings = {
				ALWAYS_EMBED_SWIFT_STANDARD_LIBRARIES = YES;
				CODE_SIGN_STYLE = Automatic;
				CURRENT_PROJECT_VERSION = 1;
				GENERATE_INFOPLIST_FILE = YES;
				MARKETING_VERSION = 1.0;
				PRODUCT_BUNDLE_IDENTIFIER = matzsugi.TrainYourMindUITests;
				PRODUCT_NAME = "$(TARGET_NAME)";
				SWIFT_EMIT_LOC_STRINGS = NO;
				SWIFT_VERSION = 5.0;
				TARGETED_DEVICE_FAMILY = "1,2";
				TEST_TARGET_NAME = TrainYourMind;
			};
			name = Release;
		};
/* End XCBuildConfiguration section */

/* Begin XCConfigurationList section */
		045A2790285DA10200D4DA24 /* Build configuration list for PBXProject "TrainYourMind" */ = {
			isa = XCConfigurationList;
			buildConfigurations = (
				045A27B7285DA10300D4DA24 /* Debug */,
				045A27B8285DA10300D4DA24 /* Release */,
			);
			defaultConfigurationIsVisible = 0;
			defaultConfigurationName = Release;
		};
		045A27B9285DA10300D4DA24 /* Build configuration list for PBXNativeTarget "TrainYourMind" */ = {
			isa = XCConfigurationList;
			buildConfigurations = (
				045A27BA285DA10300D4DA24 /* Debug */,
				045A27BB285DA10300D4DA24 /* Release */,
			);
			defaultConfigurationIsVisible = 0;
			defaultConfigurationName = Release;
		};
		045A27BC285DA10300D4DA24 /* Build configuration list for PBXNativeTarget "TrainYourMindTests" */ = {
			isa = XCConfigurationList;
			buildConfigurations = (
				045A27BD285DA10300D4DA24 /* Debug */,
				045A27BE285DA10300D4DA24 /* Release */,
			);
			defaultConfigurationIsVisible = 0;
			defaultConfigurationName = Release;
		};
		045A27BF285DA10300D4DA24 /* Build configuration list for PBXNativeTarget "TrainYourMindUITests" */ = {
			isa = XCConfigurationList;
			buildConfigurations = (
				045A27C0285DA10300D4DA24 /* Debug */,
				045A27C1285DA10300D4DA24 /* Release */,
			);
			defaultConfigurationIsVisible = 0;
			defaultConfigurationName = Release;
		};
/* End XCConfigurationList section */
	};
	rootObject = 045A278D285DA10200D4DA24 /* Project object */;
}
